{
  "originHash" : "7e8769dea1affaf457a2fe789dc902229993e2630eb846312d32e21b8dd83685",
  "pins" : [
    {
      "identity" : "swiftlintplugin",
      "kind" : "remoteSourceControl",
      "location" : "https://github.com/GayleDunham/SwiftLintPlugin.git",
      "state" : {
        "branch" : "main",
        "revision" : "5c864493d1231a79f48cd4212f4410acad959306"
      }
    }
  ],
  "version" : 3
}
